PODS:
  - Alamofire (5.5.0)
  - Kingfisher (7.1.2)
  - PaginatedTableView (1.0.1)

DEPENDENCIES:
  - Alamofire
  - Kingfisher
  - PaginatedTableView

SPEC REPOS:
  trunk:
    - Alamofire
    - Kingfisher
    - PaginatedTableView

SPEC CHECKSUMS:
  Alamofire: 1c4fb5369c3fe93d2857c780d8bbe09f06f97e7c
  Kingfisher: 44ed6a8504763f27bab46163adfac83f5deb240c
  PaginatedTableView: 294d9831d5ddf5c0dcfbb4a281d4fcfb8d12f55a

PODFILE CHECKSUM: e288ee7f1b90f1d4a426142ab7e200bafca28ee7

COCOAPODS: 1.11.2
